
Microsoft Visual Studio Solution File, Format Version 12.00
# Visual Studio 2013
VisualStudioVersion = 12.0.31101.0
MinimumVisualStudioVersion = 10.0.40219.1
Project("{FAE04EC0-301F-11D3-BF4B-00C04F79EFBC}") = "PhotoalbumMvcPL", "PhotoalbumMvcPL\PhotoalbumMvcPL.csproj", "{C24B486A-E194-4BFF-A4A5-6FD8E0ACD663}"
EndProject
Project("{FAE04EC0-301F-11D3-BF4B-00C04F79EFBC}") = "ORM", "ORM\ORM.csproj", "{AA932FE3-186F-4FE0-8BFC-345446EFB44C}"
EndProject
Project("{FAE04EC0-301F-11D3-BF4B-00C04F79EFBC}") = "DAL.Interface", "DAL.Interface\DAL.Interface.csproj", "{D2F44D42-8E9F-482F-96E2-0705FC03ED01}"
EndProject
Project("{FAE04EC0-301F-11D3-BF4B-00C04F79EFBC}") = "DAL", "DAL\DAL.csproj", "{1704EF43-C505-4A2E-A76C-B84F47981133}"
EndProject
Project("{FAE04EC0-301F-11D3-BF4B-00C04F79EFBC}") = "BLL.Interfaces", "BLL.Interfaces\BLL.Interfaces.csproj", "{CDCD8684-3919-4BBC-A7EE-36CEC6167B5E}"
EndProject
Project("{FAE04EC0-301F-11D3-BF4B-00C04F79EFBC}") = "BLL", "BLL\BLL.csproj", "{3B74E508-F9CB-4752-862E-50229E739809}"
EndProject
Global
	GlobalSection(SolutionConfigurationPlatforms) = preSolution
		Debug|Any CPU = Debug|Any CPU
		Release|Any CPU = Release|Any CPU
	EndGlobalSection
	GlobalSection(ProjectConfigurationPlatforms) = postSolution
		{C24B486A-E194-4BFF-A4A5-6FD8E0ACD663}.Debug|Any CPU.ActiveCfg = Debug|Any CPU
		{C24B486A-E194-4BFF-A4A5-6FD8E0ACD663}.Debug|Any CPU.Build.0 = Debug|Any CPU
		{C24B486A-E194-4BFF-A4A5-6FD8E0ACD663}.Release|Any CPU.ActiveCfg = Release|Any CPU
		{C24B486A-E194-4BFF-A4A5-6FD8E0ACD663}.Release|Any CPU.Build.0 = Release|Any CPU
		{AA932FE3-186F-4FE0-8BFC-345446EFB44C}.Debug|Any CPU.ActiveCfg = Debug|Any CPU
		{AA932FE3-186F-4FE0-8BFC-345446EFB44C}.Debug|Any CPU.Build.0 = Debug|Any CPU
		{AA932FE3-186F-4FE0-8BFC-345446EFB44C}.Release|Any CPU.ActiveCfg = Release|Any CPU
		{AA932FE3-186F-4FE0-8BFC-345446EFB44C}.Release|Any CPU.Build.0 = Release|Any CPU
		{D2F44D42-8E9F-482F-96E2-0705FC03ED01}.Debug|Any CPU.ActiveCfg = Debug|Any CPU
		{D2F44D42-8E9F-482F-96E2-0705FC03ED01}.Debug|Any CPU.Build.0 = Debug|Any CPU
		{D2F44D42-8E9F-482F-96E2-0705FC03ED01}.Release|Any CPU.ActiveCfg = Release|Any CPU
		{D2F44D42-8E9F-482F-96E2-0705FC03ED01}.Release|Any CPU.Build.0 = Release|Any CPU
		{1704EF43-C505-4A2E-A76C-B84F47981133}.Debug|Any CPU.ActiveCfg = Debug|Any CPU
		{1704EF43-C505-4A2E-A76C-B84F47981133}.Debug|Any CPU.Build.0 = Debug|Any CPU
		{1704EF43-C505-4A2E-A76C-B84F47981133}.Release|Any CPU.ActiveCfg = Release|Any CPU
		{1704EF43-C505-4A2E-A76C-B84F47981133}.Release|Any CPU.Build.0 = Release|Any CPU
		{CDCD8684-3919-4BBC-A7EE-36CEC6167B5E}.Debug|Any CPU.ActiveCfg = Debug|Any CPU
		{CDCD8684-3919-4BBC-A7EE-36CEC6167B5E}.Debug|Any CPU.Build.0 = Debug|Any CPU
		{CDCD8684-3919-4BBC-A7EE-36CEC6167B5E}.Release|Any CPU.ActiveCfg = Release|Any CPU
		{CDCD8684-3919-4BBC-A7EE-36CEC6167B5E}.Release|Any CPU.Build.0 = Release|Any CPU
		{3B74E508-F9CB-4752-862E-50229E739809}.Debug|Any CPU.ActiveCfg = Debug|Any CPU
		{3B74E508-F9CB-4752-862E-50229E739809}.Debug|Any CPU.Build.0 = Debug|Any CPU
		{3B74E508-F9CB-4752-862E-50229E739809}.Release|Any CPU.ActiveCfg = Release|Any CPU
		{3B74E508-F9CB-4752-862E-50229E739809}.Release|Any CPU.Build.0 = Release|Any CPU
	EndGlobalSection
	GlobalSection(SolutionProperties) = preSolution
		HideSolutionNode = FALSE
	EndGlobalSection
EndGlobal
